
Microsoft Visual Studio Solution File, Format Version 12.00
# Visual Studio Version 16
VisualStudioVersion = 16.0.31321.278
MinimumVisualStudioVersion = 10.0.40219.1
Project("{FAE04EC0-301F-11D3-BF4B-00C04F79EFBC}") = "BusinessLogicLayer", "BusinessLogicLayer\BusinessLogicLayer.csproj", "{19F88EF1-68D0-4BE2-8CAE-4E74809AC18F}"
EndProject
Project("{FAE04EC0-301F-11D3-BF4B-00C04F79EFBC}") = "DatabaseAccessLayer", "DatabaseAccessLayer\DatabaseAccessLayer.csproj", "{EA067EA2-47A0-4157-B993-FB8883A0960E}"
EndProject
Project("{FAE04EC0-301F-11D3-BF4B-00C04F79EFBC}") = "PresentationLayer", "PresentationLayer\PresentationLayer.csproj", "{6167E16D-AA18-4BA7-88CB-73C54727D97A}"
EndProject
Project("{FAE04EC0-301F-11D3-BF4B-00C04F79EFBC}") = "Utilities", "Utilities\Utilities.csproj", "{1D381B21-4F01-4605-9151-78854A5B5854}"
EndProject
Project("{FAE04EC0-301F-11D3-BF4B-00C04F79EFBC}") = "DataObject", "DataObject\DataObject.csproj", "{179BD5C1-77B4-487F-8AF0-3C8E27F3EF5B}"
EndProject
Global
	GlobalSection(SolutionConfigurationPlatforms) = preSolution
		Debug|Any CPU = Debug|Any CPU
		Release|Any CPU = Release|Any CPU
	EndGlobalSection
	GlobalSection(ProjectConfigurationPlatforms) = postSolution
		{19F88EF1-68D0-4BE2-8CAE-4E74809AC18F}.Debug|Any CPU.ActiveCfg = Debug|Any CPU
		{19F88EF1-68D0-4BE2-8CAE-4E74809AC18F}.Debug|Any CPU.Build.0 = Debug|Any CPU
		{19F88EF1-68D0-4BE2-8CAE-4E74809AC18F}.Release|Any CPU.ActiveCfg = Release|Any CPU
		{19F88EF1-68D0-4BE2-8CAE-4E74809AC18F}.Release|Any CPU.Build.0 = Release|Any CPU
		{EA067EA2-47A0-4157-B993-FB8883A0960E}.Debug|Any CPU.ActiveCfg = Debug|Any CPU
		{EA067EA2-47A0-4157-B993-FB8883A0960E}.Debug|Any CPU.Build.0 = Debug|Any CPU
		{EA067EA2-47A0-4157-B993-FB8883A0960E}.Release|Any CPU.ActiveCfg = Release|Any CPU
		{EA067EA2-47A0-4157-B993-FB8883A0960E}.Release|Any CPU.Build.0 = Release|Any CPU
		{6167E16D-AA18-4BA7-88CB-73C54727D97A}.Debug|Any CPU.ActiveCfg = Debug|Any CPU
		{6167E16D-AA18-4BA7-88CB-73C54727D97A}.Debug|Any CPU.Build.0 = Debug|Any CPU
		{6167E16D-AA18-4BA7-88CB-73C54727D97A}.Release|Any CPU.ActiveCfg = Release|Any CPU
		{6167E16D-AA18-4BA7-88CB-73C54727D97A}.Release|Any CPU.Build.0 = Release|Any CPU
		{1D381B21-4F01-4605-9151-78854A5B5854}.Debug|Any CPU.ActiveCfg = Debug|Any CPU
		{1D381B21-4F01-4605-9151-78854A5B5854}.Debug|Any CPU.Build.0 = Debug|Any CPU
		{1D381B21-4F01-4605-9151-78854A5B5854}.Release|Any CPU.ActiveCfg = Release|Any CPU
		{1D381B21-4F01-4605-9151-78854A5B5854}.Release|Any CPU.Build.0 = Release|Any CPU
		{179BD5C1-77B4-487F-8AF0-3C8E27F3EF5B}.Debug|Any CPU.ActiveCfg = Debug|Any CPU
		{179BD5C1-77B4-487F-8AF0-3C8E27F3EF5B}.Debug|Any CPU.Build.0 = Debug|Any CPU
		{179BD5C1-77B4-487F-8AF0-3C8E27F3EF5B}.Release|Any CPU.ActiveCfg = Release|Any CPU
		{179BD5C1-77B4-487F-8AF0-3C8E27F3EF5B}.Release|Any CPU.Build.0 = Release|Any CPU
	EndGlobalSection
	GlobalSection(SolutionProperties) = preSolution
		HideSolutionNode = FALSE
	EndGlobalSection
	GlobalSection(ExtensibilityGlobals) = postSolution
		SolutionGuid = {2369ED63-6CDC-4EBE-832E-A6785869D235}
	EndGlobalSection
EndGlobal
